
Microsoft Visual Studio Solution File, Format Version 12.00
# Visual Studio Version 17
VisualStudioVersion = 17.5.002.0
MinimumVisualStudioVersion = 10.0.40219.1
Project("{9A19103F-16F7-4668-BE54-9A1E7A4F7556}") = "Exo.WebApi", "Exo.WebApi.csproj", "{063039EC-6B57-4CFA-A0C4-F282BB54F4C8}"
EndProject
Global
	GlobalSection(SolutionConfigurationPlatforms) = preSolution
		Debug|Any CPU = Debug|Any CPU
		Release|Any CPU = Release|Any CPU
	EndGlobalSection
	GlobalSection(ProjectConfigurationPlatforms) = postSolution
		{063039EC-6B57-4CFA-A0C4-F282BB54F4C8}.Debug|Any CPU.ActiveCfg = Debug|Any CPU
		{063039EC-6B57-4CFA-A0C4-F282BB54F4C8}.Debug|Any CPU.Build.0 = Debug|Any CPU
		{063039EC-6B57-4CFA-A0C4-F282BB54F4C8}.Release|Any CPU.ActiveCfg = Release|Any CPU
		{063039EC-6B57-4CFA-A0C4-F282BB54F4C8}.Release|Any CPU.Build.0 = Release|Any CPU
	EndGlobalSection
	GlobalSection(SolutionProperties) = preSolution
		HideSolutionNode = FALSE
	EndGlobalSection
	GlobalSection(ExtensibilityGlobals) = postSolution
		SolutionGuid = {2447C1F0-3FD1-4887-9F26-CA9242328C5A}
	EndGlobalSection
EndGlobal
